Microsoft Visual Studio Solution File, Format Version 12.00
# Visual Studio Version 17
VisualStudioVersion = 17.5.2.0
MinimumVisualStudioVersion = 10.0.40219.1
Project("{FAE04EC0-301F-11D3-BF4B-00C04F79EFBC}") = "panto_without_instructions", "panto_without_instructions.csproj", "{FBCF08F2-255A-025F-E34F-1A464D09D34F}"
EndProject
Global
	GlobalSection(SolutionConfigurationPlatforms) = preSolution
		Debug|Any CPU = Debug|Any CPU
		Release|Any CPU = Release|Any CPU
	EndGlobalSection
	GlobalSection(ProjectConfigurationPlatforms) = postSolution
		{FBCF08F2-255A-025F-E34F-1A464D09D34F}.Debug|Any CPU.ActiveCfg = Debug|Any CPU
		{FBCF08F2-255A-025F-E34F-1A464D09D34F}.Debug|Any CPU.Build.0 = Debug|Any CPU
		{FBCF08F2-255A-025F-E34F-1A464D09D34F}.Release|Any CPU.ActiveCfg = Release|Any CPU
		{FBCF08F2-255A-025F-E34F-1A464D09D34F}.Release|Any CPU.Build.0 = Release|Any CPU
	EndGlobalSection
	GlobalSection(SolutionProperties) = preSolution
		HideSolutionNode = FALSE
	EndGlobalSection
	GlobalSection(ExtensibilityGlobals) = postSolution
		SolutionGuid = {BD5CCB9B-0567-42CE-AB30-C9B2D877B982}
	EndGlobalSection
EndGlobal
